
Microsoft Visual Studio Solution File, Format Version 12.00
# Visual Studio Version 17
VisualStudioVersion = 17.14.36414.22 d17.14
MinimumVisualStudioVersion = 10.0.40219.1
Project("{FAE04EC0-301F-11D3-BF4B-00C04F79EFBC}") = "Product Controller", "Product Controller\Product Controller.csproj", "{55A4CCD3-BE1E-43B8-9B44-CE54EEE120D0}"
EndProject
Global
	GlobalSection(SolutionConfigurationPlatforms) = preSolution
		Debug|Any CPU = Debug|Any CPU
		Release|Any CPU = Release|Any CPU
	EndGlobalSection
	GlobalSection(ProjectConfigurationPlatforms) = postSolution
		{55A4CCD3-BE1E-43B8-9B44-CE54EEE120D0}.Debug|Any CPU.ActiveCfg = Debug|Any CPU
		{55A4CCD3-BE1E-43B8-9B44-CE54EEE120D0}.Debug|Any CPU.Build.0 = Debug|Any CPU
		{55A4CCD3-BE1E-43B8-9B44-CE54EEE120D0}.Release|Any CPU.ActiveCfg = Release|Any CPU
		{55A4CCD3-BE1E-43B8-9B44-CE54EEE120D0}.Release|Any CPU.Build.0 = Release|Any CPU
	EndGlobalSection
	GlobalSection(SolutionProperties) = preSolution
		HideSolutionNode = FALSE
	EndGlobalSection
	GlobalSection(ExtensibilityGlobals) = postSolution
		SolutionGuid = {369F9993-A9B6-4921-87A6-3DD874CC5303}
	EndGlobalSection
EndGlobal
